// !$*UTF8*$!
{
	archiveVersion = 1;
	classes = {
	};
	objectVersion = 51;
	objects = {

/* Begin PBXBuildFile section */
		090078A012340C28A000B31E /* Pods_illumiTests.framework in Frameworks */ = {isa = PBXBuildFile; fileRef = 328BF9C600687982A6E721A4 /* Pods_illumiTests.framework */; };
		0E26DEB7B397B4D5302FC19A /* Pods_illumi.framework in Frameworks */ = {isa = PBXBuildFile; fileRef = FE4A601C75101D2D142F1082 /* Pods_illumi.framework */; };
		8A0B000922C4ABD400514389 /* GalleryViewController.swift in Sources */ = {isa = PBXBuildFile; fileRef = 8A0B000822C4ABD400514389 /* GalleryViewController.swift */; };
		8A0B000C22C4ABF100514389 /* UploadViewController.swift in Sources */ = {isa = PBXBuildFile; fileRef = 8A0B000A22C4ABF100514389 /* UploadViewController.swift */; };
		8A0B000D22C4ABF100514389 /* MeViewController.swift in Sources */ = {isa = PBXBuildFile; fileRef = 8A0B000B22C4ABF100514389 /* MeViewController.swift */; };
		8A0B000F22C4AC3C00514389 /* LoginViewController.swift in Sources */ = {isa = PBXBuildFile; fileRef = 8A0B000E22C4AC3C00514389 /* LoginViewController.swift */; };
		8A0B001122C4B27100514389 /* Images in Resources */ = {isa = PBXBuildFile; fileRef = 8A0B001022C4B27100514389 /* Images */; };
		8A82BF5022B0A72300EE7602 /* AppDelegate.swift in Sources */ = {isa = PBXBuildFile; fileRef = 8A82BF4F22B0A72300EE7602 /* AppDelegate.swift */; };
		8A82BF5222B0A72300EE7602 /* SceneDelegate.swift in Sources */ = {isa = PBXBuildFile; fileRef = 8A82BF5122B0A72300EE7602 /* SceneDelegate.swift */; };
		8A82BF5922B0A72300EE7602 /* Main.storyboard in Resources */ = {isa = PBXBuildFile; fileRef = 8A82BF5722B0A72300EE7602 /* Main.storyboard */; };
		8A82BF5B22B0A72700EE7602 /* Assets.xcassets in Resources */ = {isa = PBXBuildFile; fileRef = 8A82BF5A22B0A72700EE7602 /* Assets.xcassets */; };
		8A82BF5E22B0A72700EE7602 /* LaunchScreen.storyboard in Resources */ = {isa = PBXBuildFile; fileRef = 8A82BF5C22B0A72700EE7602 /* LaunchScreen.storyboard */; };
		8A82BF6C22B0A85500EE7602 /* illumiTests.swift in Sources */ = {isa = PBXBuildFile; fileRef = 8A82BF6B22B0A85500EE7602 /* illumiTests.swift */; };
		8AC451E722C4E75C0095C457 /* LoginManager.swift in Sources */ = {isa = PBXBuildFile; fileRef = 8AC451E622C4E75C0095C457 /* LoginManager.swift */; };
		8AC451E922C4F1170095C457 /* MainTabBarController.swift in Sources */ = {isa = PBXBuildFile; fileRef = 8AC451E822C4F1170095C457 /* MainTabBarController.swift */; };
		8AC451EC22C4F3900095C457 /* illumiUrl.swift in Sources */ = {isa = PBXBuildFile; fileRef = 8AC451EB22C4F3900095C457 /* illumiUrl.swift */; };
/* End PBXBuildFile section */

/* Begin PBXContainerItemProxy section */
		8A82BF6E22B0A85500EE7602 /* PBXContainerItemProxy */ = {
			isa = PBXContainerItemProxy;
			containerPortal = 8A82BF4422B0A72300EE7602 /* Project object */;
			proxyType = 1;
			remoteGlobalIDString = 8A82BF4B22B0A72300EE7602;
			remoteInfo = illumi;
		};
/* End PBXContainerItemProxy section */

/* Begin PBXFileReference section */
		2CD377A3470A1669BA6C16D6 /* Pods-illumiTests.debug.xcconfig */ = {isa = PBXFileReference; includeInIndex = 1; lastKnownFileType = text.xcconfig; name = "Pods-illumiTests.debug.xcconfig"; path = "Target Support Files/Pods-illumiTests/Pods-illumiTests.debug.xcconfig"; sourceTree = "<group>"; };
		328BF9C600687982A6E721A4 /* Pods_illumiTests.framework */ = {isa = PBXFileReference; explicitFileType = wrapper.framework; includeInIndex = 0; path = Pods_illumiTests.framework; sourceTree = BUILT_PRODUCTS_DIR; };
		8A0B000822C4ABD400514389 /* GalleryViewController.swift */ = {isa = PBXFileReference; fileEncoding = 4; lastKnownFileType = sourcecode.swift; path = GalleryViewController.swift; sourceTree = "<group>"; };
		8A0B000A22C4ABF100514389 /* UploadViewController.swift */ = {isa = PBXFileReference; fileEncoding = 4; lastKnownFileType = sourcecode.swift; path = UploadViewController.swift; sourceTree = "<group>"; };
		8A0B000B22C4ABF100514389 /* MeViewController.swift */ = {isa = PBXFileReference; fileEncoding = 4; lastKnownFileType = sourcecode.swift; path = MeViewController.swift; sourceTree = "<group>"; };
		8A0B000E22C4AC3C00514389 /* LoginViewController.swift */ = {isa = PBXFileReference; lastKnownFileType = sourcecode.swift; path = LoginViewController.swift; sourceTree = "<group>"; };
		8A0B001022C4B27100514389 /* Images */ = {isa = PBXFileReference; lastKnownFileType = folder; path = Images; sourceTree = "<group>"; };
		8A82BF4C22B0A72300EE7602 /* illumi.app */ = {isa = PBXFileReference; explicitFileType = wrapper.application; includeInIndex = 0; path = illumi.app; sourceTree = BUILT_PRODUCTS_DIR; };
		8A82BF4F22B0A72300EE7602 /* AppDelegate.swift */ = {isa = PBXFileReference; lastKnownFileType = sourcecode.swift; path = AppDelegate.swift; sourceTree = "<group>"; };
		8A82BF5122B0A72300EE7602 /* SceneDelegate.swift */ = {isa = PBXFileReference; lastKnownFileType = sourcecode.swift; path = SceneDelegate.swift; sourceTree = "<group>"; };
		8A82BF5822B0A72300EE7602 /* Base */ = {isa = PBXFileReference; lastKnownFileType = file.storyboard; name = Base; path = Base.lproj/Main.storyboard; sourceTree = "<group>"; };
		8A82BF5A22B0A72700EE7602 /* Assets.xcassets */ = {isa = PBXFileReference; lastKnownFileType = folder.assetcatalog; path = Assets.xcassets; sourceTree = "<group>"; };
		8A82BF5D22B0A72700EE7602 /* Base */ = {isa = PBXFileReference; lastKnownFileType = file.storyboard; name = Base; path = Base.lproj/LaunchScreen.storyboard; sourceTree = "<group>"; };
		8A82BF5F22B0A72700EE7602 /* Info.plist */ = {isa = PBXFileReference; lastKnownFileType = text.plist.xml; path = Info.plist; sourceTree = "<group>"; };
		8A82BF6922B0A85500EE7602 /* illumiTests.xctest */ = {isa = PBXFileReference; explicitFileType = wrapper.cfbundle; includeInIndex = 0; path = illumiTests.xctest; sourceTree = BUILT_PRODUCTS_DIR; };
		8A82BF6B22B0A85500EE7602 /* illumiTests.swift */ = {isa = PBXFileReference; lastKnownFileType = sourcecode.swift; path = illumiTests.swift; sourceTree = "<group>"; };
		8A82BF6D22B0A85500EE7602 /* Info.plist */ = {isa = PBXFileReference; lastKnownFileType = text.plist.xml; path = Info.plist; sourceTree = "<group>"; };
		8AB696BFF64C81CAA3579E79 /* Pods-illumi.debug.xcconfig */ = {isa = PBXFileReference; includeInIndex = 1; lastKnownFileType = text.xcconfig; name = "Pods-illumi.debug.xcconfig"; path = "Target Support Files/Pods-illumi/Pods-illumi.debug.xcconfig"; sourceTree = "<group>"; };
		8AC451E622C4E75C0095C457 /* LoginManager.swift */ = {isa = PBXFileReference; lastKnownFileType = sourcecode.swift; path = LoginManager.swift; sourceTree = "<group>"; };
		8AC451E822C4F1170095C457 /* MainTabBarController.swift */ = {isa = PBXFileReference; lastKnownFileType = sourcecode.swift; path = MainTabBarController.swift; sourceTree = "<group>"; };
		8AC451EB22C4F3900095C457 /* illumiUrl.swift */ = {isa = PBXFileReference; lastKnownFileType = sourcecode.swift; path = illumiUrl.swift; sourceTree = "<group>"; };
		C6242695364AD9B7E57B1149 /* Pods-illumiTests.release.xcconfig */ = {isa = PBXFileReference; includeInIndex = 1; lastKnownFileType = text.xcconfig; name = "Pods-illumiTests.release.xcconfig"; path = "Target Support Files/Pods-illumiTests/Pods-illumiTests.release.xcconfig"; sourceTree = "<group>"; };
		E257B71405CDCD6971688EFF /* Pods-illumi.release.xcconfig */ = {isa = PBXFileReference; includeInIndex = 1; lastKnownFileType = text.xcconfig; name = "Pods-illumi.release.xcconfig"; path = "Target Support Files/Pods-illumi/Pods-illumi.release.xcconfig"; sourceTree = "<group>"; };
		FE4A601C75101D2D142F1082 /* Pods_illumi.framework */ = {isa = PBXFileReference; explicitFileType = wrapper.framework; includeInIndex = 0; path = Pods_illumi.framework; sourceTree = BUILT_PRODUCTS_DIR; };
/* End PBXFileReference section */

/* Begin PBXFrameworksBuildPhase section */
		8A82BF4922B0A72300EE7602 /* Frameworks */ = {
			isa = PBXFrameworksBuildPhase;
			buildActionMask = 2147483647;
			files = (
				0E26DEB7B397B4D5302FC19A /* Pods_illumi.framework in Frameworks */,
			);
			runOnlyForDeploymentPostprocessing = 0;
		};
		8A82BF6622B0A85500EE7602 /* Frameworks */ = {
			isa = PBXFrameworksBuildPhase;
			buildActionMask = 2147483647;
			files = (
				090078A012340C28A000B31E /* Pods_illumiTests.framework in Frameworks */,
			);
			runOnlyForDeploymentPostprocessing = 0;
		};
/* End PBXFrameworksBuildPhase section */

/* Begin PBXGroup section */
		8A0B000722C4ABCA00514389 /* VC */ = {
			isa = PBXGroup;
			children = (
				8A0B000822C4ABD400514389 /* GalleryViewController.swift */,
				8A0B000B22C4ABF100514389 /* MeViewController.swift */,
				8A0B000A22C4ABF100514389 /* UploadViewController.swift */,
				8A0B000E22C4AC3C00514389 /* LoginViewController.swift */,
				8AC451E822C4F1170095C457 /* MainTabBarController.swift */,
			);
			path = VC;
			sourceTree = "<group>";
		};
		8A82BF4322B0A72300EE7602 = {
			isa = PBXGroup;
			children = (
				8A82BF4E22B0A72300EE7602 /* illumi */,
				8A82BF6A22B0A85500EE7602 /* illumiTests */,
				8A82BF4D22B0A72300EE7602 /* Products */,
				A9EA83C09B630B2F621FDDB6 /* Pods */,
				AD9D57CAC342B44ACE9F7E12 /* Frameworks */,
			);
			sourceTree = "<group>";
		};
		8A82BF4D22B0A72300EE7602 /* Products */ = {
			isa = PBXGroup;
			children = (
				8A82BF4C22B0A72300EE7602 /* illumi.app */,
				8A82BF6922B0A85500EE7602 /* illumiTests.xctest */,
			);
			name = Products;
			sourceTree = "<group>";
		};
		8A82BF4E22B0A72300EE7602 /* illumi */ = {
			isa = PBXGroup;
			children = (
				8AC451EA22C4F37D0095C457 /* Constants */,
				8AC451E522C4E7400095C457 /* Network */,
				8A0B001022C4B27100514389 /* Images */,
				8A0B000722C4ABCA00514389 /* VC */,
				8A82BF4F22B0A72300EE7602 /* AppDelegate.swift */,
				8A82BF5122B0A72300EE7602 /* SceneDelegate.swift */,
				8A82BF5722B0A72300EE7602 /* Main.storyboard */,
				8A82BF5A22B0A72700EE7602 /* Assets.xcassets */,
				8A82BF5C22B0A72700EE7602 /* LaunchScreen.storyboard */,
				8A82BF5F22B0A72700EE7602 /* Info.plist */,
			);
			path = illumi;
			sourceTree = "<group>";
		};
		8A82BF6A22B0A85500EE7602 /* illumiTests */ = {
			isa = PBXGroup;
			children = (
				8A82BF6B22B0A85500EE7602 /* illumiTests.swift */,
				8A82BF6D22B0A85500EE7602 /* Info.plist */,
			);
			path = illumiTests;
			sourceTree = "<group>";
		};
		8AC451E522C4E7400095C457 /* Network */ = {
			isa = PBXGroup;
			children = (
				8AC451E622C4E75C0095C457 /* LoginManager.swift */,
			);
			path = Network;
			sourceTree = "<group>";
		};
		8AC451EA22C4F37D0095C457 /* Constants */ = {
			isa = PBXGroup;
			children = (
				8AC451EB22C4F3900095C457 /* illumiUrl.swift */,
			);
			path = Constants;
			sourceTree = "<group>";
		};
		A9EA83C09B630B2F621FDDB6 /* Pods */ = {
			isa = PBXGroup;
			children = (
				8AB696BFF64C81CAA3579E79 /* Pods-illumi.debug.xcconfig */,
				E257B71405CDCD6971688EFF /* Pods-illumi.release.xcconfig */,
				2CD377A3470A1669BA6C16D6 /* Pods-illumiTests.debug.xcconfig */,
				C6242695364AD9B7E57B1149 /* Pods-illumiTests.release.xcconfig */,
			);
			path = Pods;
			sourceTree = "<group>";
		};
		AD9D57CAC342B44ACE9F7E12 /* Frameworks */ = {
			isa = PBXGroup;
			children = (
				FE4A601C75101D2D142F1082 /* Pods_illumi.framework */,
				328BF9C600687982A6E721A4 /* Pods_illumiTests.framework */,
			);
			name = Frameworks;
			sourceTree = "<group>";
		};
/* End PBXGroup section */

/* Begin PBXNativeTarget section */
		8A82BF4B22B0A72300EE7602 /* illumi */ = {
			isa = PBXNativeTarget;
			buildConfigurationList = 8A82BF6222B0A72700EE7602 /* Build configuration list for PBXNativeTarget "illumi" */;
			buildPhases = (
				35DC134B54D85E1EBACAF2E2 /* [CP] Check Pods Manifest.lock */,
				8A82BF4822B0A72300EE7602 /* Sources */,
				8A82BF4922B0A72300EE7602 /* Frameworks */,
				8A82BF4A22B0A72300EE7602 /* Resources */,
				23885AA1BD48F8466100D0F8 /* [CP] Embed Pods Frameworks */,
			);
			buildRules = (
			);
			dependencies = (
			);
			name = illumi;
			productName = illumi;
			productReference = 8A82BF4C22B0A72300EE7602 /* illumi.app */;
			productType = "com.apple.product-type.application";
		};
		8A82BF6822B0A85500EE7602 /* illumiTests */ = {
			isa = PBXNativeTarget;
			buildConfigurationList = 8A82BF7022B0A85500EE7602 /* Build configuration list for PBXNativeTarget "illumiTests" */;
			buildPhases = (
				66534A83BF196502703C5F5C /* [CP] Check Pods Manifest.lock */,
				8A82BF6522B0A85500EE7602 /* Sources */,
				8A82BF6622B0A85500EE7602 /* Frameworks */,
				8A82BF6722B0A85500EE7602 /* Resources */,
			);
			buildRules = (
			);
			dependencies = (
				8A82BF6F22B0A85500EE7602 /* PBXTargetDependency */,
			);
			name = illumiTests;
			productName = illumiTests;
			productReference = 8A82BF6922B0A85500EE7602 /* illumiTests.xctest */;
			productType = "com.apple.product-type.bundle.unit-test";
		};
/* End PBXNativeTarget section */

/* Begin PBXProject section */
		8A82BF4422B0A72300EE7602 /* Project object */ = {
			isa = PBXProject;
			attributes = {
				LastSwiftUpdateCheck = 1100;
				LastUpgradeCheck = 1100;
				ORGANIZATIONNAME = 0583;
				TargetAttributes = {
					8A82BF4B22B0A72300EE7602 = {
						CreatedOnToolsVersion = 11.0;
					};
					8A82BF6822B0A85500EE7602 = {
						CreatedOnToolsVersion = 11.0;
						TestTargetID = 8A82BF4B22B0A72300EE7602;
					};
				};
			};
			buildConfigurationList = 8A82BF4722B0A72300EE7602 /* Build configuration list for PBXProject "illumi" */;
			compatibilityVersion = "Xcode 9.3";
			developmentRegion = en;
			hasScannedForEncodings = 0;
			knownRegions = (
				en,
				Base,
			);
			mainGroup = 8A82BF4322B0A72300EE7602;
			productRefGroup = 8A82BF4D22B0A72300EE7602 /* Products */;
			projectDirPath = "";
			projectRoot = "";
			targets = (
				8A82BF4B22B0A72300EE7602 /* illumi */,
				8A82BF6822B0A85500EE7602 /* illumiTests */,
			);
		};
/* End PBXProject section */

/* Begin PBXResourcesBuildPhase section */
		8A82BF4A22B0A72300EE7602 /* Resources */ = {
			isa = PBXResourcesBuildPhase;
			buildActionMask = 2147483647;
			files = (
				8A0B001122C4B27100514389 /* Images in Resources */,
				8A82BF5E22B0A72700EE7602 /* LaunchScreen.storyboard in Resources */,
				8A82BF5B22B0A72700EE7602 /* Assets.xcassets in Resources */,
				8A82BF5922B0A72300EE7602 /* Main.storyboard in Resources */,
			);
			runOnlyForDeploymentPostprocessing = 0;
		};
		8A82BF6722B0A85500EE7602 /* Resources */ = {
			isa = PBXResourcesBuildPhase;
			buildActionMask = 2147483647;
			files = (
			);
			runOnlyForDeploymentPostprocessing = 0;
		};
/* End PBXResourcesBuildPhase section */

/* Begin PBXShellScriptBuildPhase section */
		23885AA1BD48F8466100D0F8 /* [CP] Embed Pods Frameworks */ = {
			isa = PBXShellScriptBuildPhase;
			buildActionMask = 2147483647;
			files = (
			);
			inputFileListPaths = (
				"${PODS_ROOT}/Target Support Files/Pods-illumi/Pods-illumi-frameworks-${CONFIGURATION}-input-files.xcfilelist",
			);
			name = "[CP] Embed Pods Frameworks";
			outputFileListPaths = (
				"${PODS_ROOT}/Target Support Files/Pods-illumi/Pods-illumi-frameworks-${CONFIGURATION}-output-files.xcfilelist",
			);
			runOnlyForDeploymentPostprocessing = 0;
			shellPath = /bin/sh;
			shellScript = "\"${PODS_ROOT}/Target Support Files/Pods-illumi/Pods-illumi-frameworks.sh\"\n";
			showEnvVarsInLog = 0;
		};
		35DC134B54D85E1EBACAF2E2 /* [CP] Check Pods Manifest.lock */ = {
			isa = PBXShellScriptBuildPhase;
			buildActionMask = 2147483647;
			files = (
			);
			inputFileListPaths = (
			);
			inputPaths = (
				"${PODS_PODFILE_DIR_PATH}/Podfile.lock",
				"${PODS_ROOT}/Manifest.lock",
			);
			name = "[CP] Check Pods Manifest.lock";
			outputFileListPaths = (
			);
			outputPaths = (
				"$(DERIVED_FILE_DIR)/Pods-illumi-checkManifestLockResult.txt",
			);
			runOnlyForDeploymentPostprocessing = 0;
			shellPath = /bin/sh;
			shellScript = "diff \"${PODS_PODFILE_DIR_PATH}/Podfile.lock\" \"${PODS_ROOT}/Manifest.lock\" > /dev/null\nif [ $? != 0 ] ; then\n    # print error to STDERR\n    echo \"error: The sandbox is not in sync with the Podfile.lock. Run 'pod install' or update your CocoaPods installation.\" >&2\n    exit 1\nfi\n# This output is used by Xcode 'outputs' to avoid re-running this script phase.\necho \"SUCCESS\" > \"${SCRIPT_OUTPUT_FILE_0}\"\n";
			showEnvVarsInLog = 0;
		};
		66534A83BF196502703C5F5C /* [CP] Check Pods Manifest.lock */ = {
			isa = PBXShellScriptBuildPhase;
			buildActionMask = 2147483647;
			files = (
			);
			inputFileListPaths = (
			);
			inputPaths = (
				"${PODS_PODFILE_DIR_PATH}/Podfile.lock",
				"${PODS_ROOT}/Manifest.lock",
			);
			name = "[CP] Check Pods Manifest.lock";
			outputFileListPaths = (
			);
			outputPaths = (
				"$(DERIVED_FILE_DIR)/Pods-illumiTests-checkManifestLockResult.txt",
			);
			runOnlyForDeploymentPostprocessing = 0;
			shellPath = /bin/sh;
			shellScript = "diff \"${PODS_PODFILE_DIR_PATH}/Podfile.lock\" \"${PODS_ROOT}/Manifest.lock\" > /dev/null\nif [ $? != 0 ] ; then\n    # print error to STDERR\n    echo \"error: The sandbox is not in sync with the Podfile.lock. Run 'pod install' or update your CocoaPods installation.\" >&2\n    exit 1\nfi\n# This output is used by Xcode 'outputs' to avoid re-running this script phase.\necho \"SUCCESS\" > \"${SCRIPT_OUTPUT_FILE_0}\"\n";
			showEnvVarsInLog = 0;
		};
/* End PBXShellScriptBuildPhase section */

/* Begin PBXSourcesBuildPhase section */
		8A82BF4822B0A72300EE7602 /* Sources */ = {
			isa = PBXSourcesBuildPhase;
			buildActionMask = 2147483647;
			files = (
				8A0B000F22C4AC3C00514389 /* LoginViewController.swift in Sources */,
				8AC451EC22C4F3900095C457 /* illumiUrl.swift in Sources */,
				8A0B000D22C4ABF100514389 /* MeViewController.swift in Sources */,
				8AC451E922C4F1170095C457 /* MainTabBarController.swift in Sources */,
				8AC451E722C4E75C0095C457 /* LoginManager.swift in Sources */,
				8A0B000922C4ABD400514389 /* GalleryViewController.swift in Sources */,
				8A0B000C22C4ABF100514389 /* UploadViewController.swift in Sources */,
				8A82BF5022B0A72300EE7602 /* AppDelegate.swift in Sources */,
				8A82BF5222B0A72300EE7602 /* SceneDelegate.swift in Sources */,
			);
			runOnlyForDeploymentPostprocessing = 0;
		};
		8A82BF6522B0A85500EE7602 /* Sources */ = {
			isa = PBXSourcesBuildPhase;
			buildActionMask = 2147483647;
			files = (
				8A82BF6C22B0A85500EE7602 /* illumiTests.swift in Sources */,
			);
			runOnlyForDeploymentPostprocessing = 0;
		};
/* End PBXSourcesBuildPhase section */

/* Begin PBXTargetDependency section */
		8A82BF6F22B0A85500EE7602 /* PBXTargetDependency */ = {
			isa = PBXTargetDependency;
			target = 8A82BF4B22B0A72300EE7602 /* illumi */;
			targetProxy = 8A82BF6E22B0A85500EE7602 /* PBXContainerItemProxy */;
		};
/* End PBXTargetDependency section */

/* Begin PBXVariantGroup section */
		8A82BF5722B0A72300EE7602 /* Main.storyboard */ = {
			isa = PBXVariantGroup;
			children = (
				8A82BF5822B0A72300EE7602 /* Base */,
			);
			name = Main.storyboard;
			sourceTree = "<group>";
		};
		8A82BF5C22B0A72700EE7602 /* LaunchScreen.storyboard */ = {
			isa = PBXVariantGroup;
			children = (
				8A82BF5D22B0A72700EE7602 /* Base */,
			);
			name = LaunchScreen.storyboard;
			sourceTree = "<group>";
		};
/* End PBXVariantGroup section */

/* Begin XCBuildConfiguration section */
		8A82BF6022B0A72700EE7602 /* Debug */ = {
			isa = XCBuildConfiguration;
			buildSettings = {
				ALWAYS_SEARCH_USER_PATHS = NO;
				CLANG_ANALYZER_NONNULL = YES;
				CLANG_ANALYZER_NUMBER_OBJECT_CONVERSION = YES_AGGRESSIVE;
				CLANG_CXX_LANGUAGE_STANDARD = "gnu++14";
				CLANG_CXX_LIBRARY = "libc++";
				CLANG_ENABLE_MODULES = YES;
				CLANG_ENABLE_OBJC_ARC = YES;
				CLANG_ENABLE_OBJC_WEAK = YES;
				CLANG_WARN_BLOCK_CAPTURE_AUTORELEASING = YES;
				CLANG_WARN_BOOL_CONVERSION = YES;
				CLANG_WARN_COMMA = YES;
				CLANG_WARN_CONSTANT_CONVERSION = YES;
				CLANG_WARN_DEPRECATED_OBJC_IMPLEMENTATIONS = YES;
				CLANG_WARN_DIRECT_OBJC_ISA_USAGE = YES_ERROR;
				CLANG_WARN_DOCUMENTATION_COMMENTS = YES;
				CLANG_WARN_EMPTY_BODY = YES;
				CLANG_WARN_ENUM_CONVERSION = YES;
				CLANG_WARN_INFINITE_RECURSION = YES;
				CLANG_WARN_INT_CONVERSION = YES;
				CLANG_WARN_NON_LITERAL_NULL_CONVERSION = YES;
				CLANG_WARN_OBJC_IMPLICIT_RETAIN_SELF = YES;
				CLANG_WARN_OBJC_LITERAL_CONVERSION = YES;
				CLANG_WARN_OBJC_ROOT_CLASS = YES_ERROR;
				CLANG_WARN_RANGE_LOOP_ANALYSIS = YES;
				CLANG_WARN_STRICT_PROTOTYPES = YES;
				CLANG_WARN_SUSPICIOUS_MOVE = YES;
				CLANG_WARN_UNGUARDED_AVAILABILITY = YES_AGGRESSIVE;
				CLANG_WARN_UNREACHABLE_CODE = YES;
				CLANG_WARN__DUPLICATE_METHOD_MATCH = YES;
				COPY_PHASE_STRIP = NO;
				DEBUG_INFORMATION_FORMAT = dwarf;
				ENABLE_STRICT_OBJC_MSGSEND = YES;
				ENABLE_TESTABILITY = YES;
				GCC_C_LANGUAGE_STANDARD = gnu11;
				GCC_DYNAMIC_NO_PIC = NO;
				GCC_NO_COMMON_BLOCKS = YES;
				GCC_OPTIMIZATION_LEVEL = 0;
				GCC_PREPROCESSOR_DEFINITIONS = (
					"DEBUG=1",
					"$(inherited)",
				);
				GCC_WARN_64_TO_32_BIT_CONVERSION = YES;
				GCC_WARN_ABOUT_RETURN_TYPE = YES_ERROR;
				GCC_WARN_UNDECLARED_SELECTOR = YES;
				GCC_WARN_UNINITIALIZED_AUTOS = YES_AGGRESSIVE;
				GCC_WARN_UNUSED_FUNCTION = YES;
				GCC_WARN_UNUSED_VARIABLE = YES;
				IPHONEOS_DEPLOYMENT_TARGET = 13.0;
				MTL_ENABLE_DEBUG_INFO = INCLUDE_SOURCE;
				MTL_FAST_MATH = YES;
				ONLY_ACTIVE_ARCH = YES;
				SDKROOT = iphoneos;
				SWIFT_ACTIVE_COMPILATION_CONDITIONS = DEBUG;
				SWIFT_OPTIMIZATION_LEVEL = "-Onone";
			};
			name = Debug;
		};
		8A82BF6122B0A72700EE7602 /* Release */ = {
			isa = XCBuildConfiguration;
			buildSettings = {
				ALWAYS_SEARCH_USER_PATHS = NO;
				CLANG_ANALYZER_NONNULL = YES;
				CLANG_ANALYZER_NUMBER_OBJECT_CONVERSION = YES_AGGRESSIVE;
				CLANG_CXX_LANGUAGE_STANDARD = "gnu++14";
				CLANG_CXX_LIBRARY = "libc++";
				CLANG_ENABLE_MODULES = YES;
				CLANG_ENABLE_OBJC_ARC = YES;
				CLANG_ENABLE_OBJC_WEAK = YES;
				CLANG_WARN_BLOCK_CAPTURE_AUTORELEASING = YES;
				CLANG_WARN_BOOL_CONVERSION = YES;
				CLANG_WARN_COMMA = YES;
				CLANG_WARN_CONSTANT_CONVERSION = YES;
				CLANG_WARN_DEPRECATED_OBJC_IMPLEMENTATIONS = YES;
				CLANG_WARN_DIRECT_OBJC_ISA_USAGE = YES_ERROR;
				CLANG_WARN_DOCUMENTATION_COMMENTS = YES;
				CLANG_WARN_EMPTY_BODY = YES;
				CLANG_WARN_ENUM_CONVERSION = YES;
				CLANG_WARN_INFINITE_RECURSION = YES;
				CLANG_WARN_INT_CONVERSION = YES;
				CLANG_WARN_NON_LITERAL_NULL_CONVERSION = YES;
				CLANG_WARN_OBJC_IMPLICIT_RETAIN_SELF = YES;
				CLANG_WARN_OBJC_LITERAL_CONVERSION = YES;
				CLANG_WARN_OBJC_ROOT_CLASS = YES_ERROR;
				CLANG_WARN_RANGE_LOOP_ANALYSIS = YES;
				CLANG_WARN_STRICT_PROTOTYPES = YES;
				CLANG_WARN_SUSPICIOUS_MOVE = YES;
				CLANG_WARN_UNGUARDED_AVAILABILITY = YES_AGGRESSIVE;
				CLANG_WARN_UNREACHABLE_CODE = YES;
				CLANG_WARN__DUPLICATE_METHOD_MATCH = YES;
				COPY_PHASE_STRIP = NO;
				DEBUG_INFORMATION_FORMAT = "dwarf-with-dsym";
				ENABLE_NS_ASSERTIONS = NO;
				ENABLE_STRICT_OBJC_MSGSEND = YES;
				GCC_C_LANGUAGE_STANDARD = gnu11;
				GCC_NO_COMMON_BLOCKS = YES;
				GCC_WARN_64_TO_32_BIT_CONVERSION = YES;
				GCC_WARN_ABOUT_RETURN_TYPE = YES_ERROR;
				GCC_WARN_UNDECLARED_SELECTOR = YES;
				GCC_WARN_UNINITIALIZED_AUTOS = YES_AGGRESSIVE;
				GCC_WARN_UNUSED_FUNCTION = YES;
				GCC_WARN_UNUSED_VARIABLE = YES;
				IPHONEOS_DEPLOYMENT_TARGET = 13.0;
				MTL_ENABLE_DEBUG_INFO = NO;
				MTL_FAST_MATH = YES;
				SDKROOT = iphoneos;
				SWIFT_COMPILATION_MODE = wholemodule;
				SWIFT_OPTIMIZATION_LEVEL = "-O";
				VALIDATE_PRODUCT = YES;
			};
			name = Release;
		};
		8A82BF6322B0A72700EE7602 /* Debug */ = {
			isa = XCBuildConfiguration;
			baseConfigurationReference = 8AB696BFF64C81CAA3579E79 /* Pods-illumi.debug.xcconfig */;
			buildSettings = {
				ASSETCATALOG_COMPILER_APPICON_NAME = AppIcon;
				CODE_SIGN_STYLE = Automatic;
				DEVELOPMENT_TEAM = F6EKR37AV8;
				INFOPLIST_FILE = illumi/Info.plist;
				LD_RUNPATH_SEARCH_PATHS = (
					"$(inherited)",
					"@executable_path/Frameworks",
				);
				MARKETING_VERSION = 0.1;
				PRODUCT_BUNDLE_IDENTIFIER = io.github.0583.illumi;
				PRODUCT_NAME = "$(TARGET_NAME)";
				SWIFT_VERSION = 5.0;
				TARGETED_DEVICE_FAMILY = 1;
			};
			name = Debug;
		};
		8A82BF6422B0A72700EE7602 /* Release */ = {
			isa = XCBuildConfiguration;
			baseConfigurationReference = E257B71405CDCD6971688EFF /* Pods-illumi.release.xcconfig */;
			buildSettings = {
				ASSETCATALOG_COMPILER_APPICON_NAME = AppIcon;
				CODE_SIGN_STYLE = Automatic;
				DEVELOPMENT_TEAM = F6EKR37AV8;
				INFOPLIST_FILE = illumi/Info.plist;
				LD_RUNPATH_SEARCH_PATHS = (
					"$(inherited)",
					"@executable_path/Frameworks",
				);
				MARKETING_VERSION = 0.1;
				PRODUCT_BUNDLE_IDENTIFIER = io.github.0583.illumi;
				PRODUCT_NAME = "$(TARGET_NAME)";
				SWIFT_VERSION = 5.0;
				TARGETED_DEVICE_FAMILY = 1;
			};
			name = Release;
		};
		8A82BF7122B0A85500EE7602 /* Debug */ = {
			isa = XCBuildConfiguration;
			baseConfigurationReference = 2CD377A3470A1669BA6C16D6 /* Pods-illumiTests.debug.xcconfig */;
			buildSettings = {
				BUNDLE_LOADER = "$(TEST_HOST)";
				CODE_SIGN_STYLE = Automatic;
				INFOPLIST_FILE = illumiTests/Info.plist;
				LD_RUNPATH_SEARCH_PATHS = (
					"$(inherited)",
					"@executable_path/Frameworks",
					"@loader_path/Frameworks",
				);
				PRODUCT_BUNDLE_IDENTIFIER = io.github.0583.illumiTests;
				PRODUCT_NAME = "$(TARGET_NAME)";
				SWIFT_VERSION = 5.0;
				TARGETED_DEVICE_FAMILY = "1,2";
				TEST_HOST = "$(BUILT_PRODUCTS_DIR)/illumi.app/illumi";
			};
			name = Debug;
		};
		8A82BF7222B0A85500EE7602 /* Release */ = {
			isa = XCBuildConfiguration;
			baseConfigurationReference = C6242695364AD9B7E57B1149 /* Pods-illumiTests.release.xcconfig */;
			buildSettings = {
				BUNDLE_LOADER = "$(TEST_HOST)";
				CODE_SIGN_STYLE = Automatic;
				INFOPLIST_FILE = illumiTests/Info.plist;
				LD_RUNPATH_SEARCH_PATHS = (
					"$(inherited)",
					"@executable_path/Frameworks",
					"@loader_path/Frameworks",
				);
				PRODUCT_BUNDLE_IDENTIFIER = io.github.0583.illumiTests;
				PRODUCT_NAME = "$(TARGET_NAME)";
				SWIFT_VERSION = 5.0;
				TARGETED_DEVICE_FAMILY = "1,2";
				TEST_HOST = "$(BUILT_PRODUCTS_DIR)/illumi.app/illumi";
			};
			name = Release;
		};
/* End XCBuildConfiguration section */

/* Begin XCConfigurationList section */
		8A82BF4722B0A72300EE7602 /* Build configuration list for PBXProject "illumi" */ = {
			isa = XCConfigurationList;
			buildConfigurations = (
				8A82BF6022B0A72700EE7602 /* Debug */,
				8A82BF6122B0A72700EE7602 /* Release */,
			);
			defaultConfigurationIsVisible = 0;
			defaultConfigurationName = Release;
		};
		8A82BF6222B0A72700EE7602 /* Build configuration list for PBXNativeTarget "illumi" */ = {
			isa = XCConfigurationList;
			buildConfigurations = (
				8A82BF6322B0A72700EE7602 /* Debug */,
				8A82BF6422B0A72700EE7602 /* Release */,
			);
			defaultConfigurationIsVisible = 0;
			defaultConfigurationName = Release;
		};
		8A82BF7022B0A85500EE7602 /* Build configuration list for PBXNativeTarget "illumiTests" */ = {
			isa = XCConfigurationList;
			buildConfigurations = (
				8A82BF7122B0A85500EE7602 /* Debug */,
				8A82BF7222B0A85500EE7602 /* Release */,
			);
			defaultConfigurationIsVisible = 0;
			defaultConfigurationName = Release;
		};
/* End XCConfigurationList section */
	};
	rootObject = 8A82BF4422B0A72300EE7602 /* Project object */;
}
